
Microsoft Visual Studio Solution File, Format Version 12.00
# Visual Studio Version 17
VisualStudioVersion = 17.9.34723.18
MinimumVisualStudioVersion = 10.0.40219.1
Project("{FAE04EC0-301F-11D3-BF4B-00C04F79EFBC}") = "A-MicrosoftAspNetCoreIdentityManagement", "A-MicrosoftAspNetCoreIdentityManagement.csproj", "{D0C3889F-4BAA-4E49-AEAC-72F3AD5ECE08}"
EndProject
Global
	GlobalSection(SolutionConfigurationPlatforms) = preSolution
		Debug|Any CPU = Debug|Any CPU
		Release|Any CPU = Release|Any CPU
	EndGlobalSection
	GlobalSection(ProjectConfigurationPlatforms) = postSolution
		{D0C3889F-4BAA-4E49-AEAC-72F3AD5ECE08}.Debug|Any CPU.ActiveCfg = Debug|Any CPU
		{D0C3889F-4BAA-4E49-AEAC-72F3AD5ECE08}.Debug|Any CPU.Build.0 = Debug|Any CPU
		{D0C3889F-4BAA-4E49-AEAC-72F3AD5ECE08}.Release|Any CPU.ActiveCfg = Release|Any CPU
		{D0C3889F-4BAA-4E49-AEAC-72F3AD5ECE08}.Release|Any CPU.Build.0 = Release|Any CPU
	EndGlobalSection
	GlobalSection(SolutionProperties) = preSolution
		HideSolutionNode = FALSE
	EndGlobalSection
	GlobalSection(ExtensibilityGlobals) = postSolution
		SolutionGuid = {C703FE18-3EB6-449C-AE32-34A257671D54}
	EndGlobalSection
EndGlobal
